
Microsoft Visual Studio Solution File, Format Version 12.00
# Visual Studio Version 16
VisualStudioVersion = 16.0.28922.388
MinimumVisualStudioVersion = 10.0.40219.1
Project("{FAE04EC0-301F-11D3-BF4B-00C04F79EFBC}") = "BellsFishShop", "BellsFishShop\BellsFishShop.csproj", "{06116A09-CCE9-4380-8DD2-8611B7AA1DC8}"
EndProject
Global
	GlobalSection(SolutionConfigurationPlatforms) = preSolution
		Debug|Any CPU = Debug|Any CPU
		Release|Any CPU = Release|Any CPU
	EndGlobalSection
	GlobalSection(ProjectConfigurationPlatforms) = postSolution
		{06116A09-CCE9-4380-8DD2-8611B7AA1DC8}.Debug|Any CPU.ActiveCfg = Debug|Any CPU
		{06116A09-CCE9-4380-8DD2-8611B7AA1DC8}.Debug|Any CPU.Build.0 = Debug|Any CPU
		{06116A09-CCE9-4380-8DD2-8611B7AA1DC8}.Release|Any CPU.ActiveCfg = Release|Any CPU
		{06116A09-CCE9-4380-8DD2-8611B7AA1DC8}.Release|Any CPU.Build.0 = Release|Any CPU
	EndGlobalSection
	GlobalSection(SolutionProperties) = preSolution
		HideSolutionNode = FALSE
	EndGlobalSection
	GlobalSection(ExtensibilityGlobals) = postSolution
		SolutionGuid = {A32CD77D-D1E7-419E-8248-F743DB6EA822}
	EndGlobalSection
EndGlobal
